// !$*UTF8*$!
{
	archiveVersion = 1;
	classes = {
	};
	objectVersion = 56;
	objects = {

/* Begin PBXBuildFile section */
		FF29E766290AD6D500230659 /* shader.frag in Sources */ = {isa = PBXBuildFile; fileRef = FF29E764290AD6D500230659 /* shader.frag */; };
		FF29E76A290AF7B500230659 /* App.cpp in Sources */ = {isa = PBXBuildFile; fileRef = FF29E768290AF7B500230659 /* App.cpp */; };
		FF31C0DC28F71F5F00967CB1 /* main.cpp in Sources */ = {isa = PBXBuildFile; fileRef = FF31C0DB28F71F5F00967CB1 /* main.cpp */; };
		FF31C0ED28F7215600967CB1 /* libvulkan.1.3.216.dylib in Frameworks */ = {isa = PBXBuildFile; fileRef = FF31C0EC28F7215600967CB1 /* libvulkan.1.3.216.dylib */; };
		FF31C0EE28F7215C00967CB1 /* libvulkan.1.3.216.dylib in CopyFiles */ = {isa = PBXBuildFile; fileRef = FF31C0EC28F7215600967CB1 /* libvulkan.1.3.216.dylib */; };
		FF31C0F028F7217B00967CB1 /* libglfw.3.3.dylib in Frameworks */ = {isa = PBXBuildFile; fileRef = FF31C0EF28F7217B00967CB1 /* libglfw.3.3.dylib */; };
		FF31C0F128F7218000967CB1 /* libglfw.3.3.dylib in CopyFiles */ = {isa = PBXBuildFile; fileRef = FF31C0EF28F7217B00967CB1 /* libglfw.3.3.dylib */; };
/* End PBXBuildFile section */

/* Begin PBXCopyFilesBuildPhase section */
		FF31C0D628F71F5F00967CB1 /* CopyFiles */ = {
			isa = PBXCopyFilesBuildPhase;
			buildActionMask = 12;
			dstPath = "";
			dstSubfolderSpec = 10;
			files = (
				FF31C0F128F7218000967CB1 /* libglfw.3.3.dylib in CopyFiles */,
				FF31C0EE28F7215C00967CB1 /* libvulkan.1.3.216.dylib in CopyFiles */,
			);
			runOnlyForDeploymentPostprocessing = 0;
		};
/* End PBXCopyFilesBuildPhase section */

/* Begin PBXFileReference section */
		FF29E758290AB0E100230659 /* MangosMaths.hpp */ = {isa = PBXFileReference; lastKnownFileType = sourcecode.cpp.h; path = MangosMaths.hpp; sourceTree = "<group>"; };
		FF29E763290AD6B200230659 /* shader.vert */ = {isa = PBXFileReference; lastKnownFileType = sourcecode.glsl; name = shader.vert; path = MangosEngine/Shaders/shader.vert; sourceTree = SOURCE_ROOT; };
		FF29E764290AD6D500230659 /* shader.frag */ = {isa = PBXFileReference; lastKnownFileType = sourcecode.glsl; path = shader.frag; sourceTree = "<group>"; };
		FF29E767290AD98F00230659 /* compile.sh */ = {isa = PBXFileReference; lastKnownFileType = text.script.sh; name = compile.sh; path = /Users/oliverhorriganpierre/Documents/Xcode/MangosEngine/MangosEngine/Shaders/compile.sh; sourceTree = "<absolute>"; };
		FF29E768290AF7B500230659 /* App.cpp */ = {isa = PBXFileReference; lastKnownFileType = sourcecode.cpp.cpp; path = App.cpp; sourceTree = "<group>"; };
		FF29E769290AF7B500230659 /* App.hpp */ = {isa = PBXFileReference; lastKnownFileType = sourcecode.cpp.h; path = App.hpp; sourceTree = "<group>"; };
		FF31C0D828F71F5F00967CB1 /* MangosEngine */ = {isa = PBXFileReference; explicitFileType = "compiled.mach-o.executable"; includeInIndex = 0; path = MangosEngine; sourceTree = BUILT_PRODUCTS_DIR; };
		FF31C0DB28F71F5F00967CB1 /* main.cpp */ = {isa = PBXFileReference; lastKnownFileType = sourcecode.cpp.cpp; path = main.cpp; sourceTree = "<group>"; };
		FF31C0E228F71F6300967CB1 /* MangosEngine.entitlements */ = {isa = PBXFileReference; lastKnownFileType = text.plist.entitlements; path = MangosEngine.entitlements; sourceTree = "<group>"; };
		FF31C0EC28F7215600967CB1 /* libvulkan.1.3.216.dylib */ = {isa = PBXFileReference; lastKnownFileType = "compiled.mach-o.dylib"; name = libvulkan.1.3.216.dylib; path = ../../../../../Applications/VulkanSDK/macOS/lib/libvulkan.1.3.216.dylib; sourceTree = "<group>"; };
		FF31C0EF28F7217B00967CB1 /* libglfw.3.3.dylib */ = {isa = PBXFileReference; lastKnownFileType = "compiled.mach-o.dylib"; name = libglfw.3.3.dylib; path = ../../../../../opt/homebrew/Cellar/glfw/3.3.8/lib/libglfw.3.3.dylib; sourceTree = "<group>"; };
/* End PBXFileReference section */

/* Begin PBXFrameworksBuildPhase section */
		FF31C0D528F71F5F00967CB1 /* Frameworks */ = {
			isa = PBXFrameworksBuildPhase;
			buildActionMask = 2147483647;
			files = (
				FF31C0F028F7217B00967CB1 /* libglfw.3.3.dylib in Frameworks */,
				FF31C0ED28F7215600967CB1 /* libvulkan.1.3.216.dylib in Frameworks */,
			);
			runOnlyForDeploymentPostprocessing = 0;
		};
/* End PBXFrameworksBuildPhase section */

/* Begin PBXGroup section */
		FF29E75D290AC93800230659 /* Lib */ = {
			isa = PBXGroup;
			children = (
				FF29E758290AB0E100230659 /* MangosMaths.hpp */,
			);
			path = Lib;
			sourceTree = "<group>";
		};
		FF29E75E290AC96400230659 /* App */ = {
			isa = PBXGroup;
			children = (
				FF29E768290AF7B500230659 /* App.cpp */,
				FF29E769290AF7B500230659 /* App.hpp */,
			);
			path = App;
			sourceTree = "<group>";
		};
		FF29E762290AD66600230659 /* Shaders */ = {
			isa = PBXGroup;
			children = (
				FF29E763290AD6B200230659 /* shader.vert */,
				FF29E764290AD6D500230659 /* shader.frag */,
				FF29E767290AD98F00230659 /* compile.sh */,
			);
			name = Shaders;
			path = /Users/oliverhorriganpierre/Documents/Xcode/MangosEngine/MangosEngine/Shaders;
			sourceTree = "<absolute>";
		};
		FF31C0CF28F71F5F00967CB1 = {
			isa = PBXGroup;
			children = (
				FF31C0F228F7260300967CB1 /* Resources */,
				FF31C0DA28F71F5F00967CB1 /* MangosEngine */,
				FF31C0D928F71F5F00967CB1 /* Products */,
				FF31C0E528F7204A00967CB1 /* Frameworks */,
			);
			sourceTree = "<group>";
		};
		FF31C0D928F71F5F00967CB1 /* Products */ = {
			isa = PBXGroup;
			children = (
				FF31C0D828F71F5F00967CB1 /* MangosEngine */,
			);
			name = Products;
			sourceTree = "<group>";
		};
		FF31C0DA28F71F5F00967CB1 /* MangosEngine */ = {
			isa = PBXGroup;
			children = (
				FF29E762290AD66600230659 /* Shaders */,
				FF29E75E290AC96400230659 /* App */,
				FF29E75D290AC93800230659 /* Lib */,
				FF31C0E228F71F6300967CB1 /* MangosEngine.entitlements */,
				FF31C0DB28F71F5F00967CB1 /* main.cpp */,
			);
			path = MangosEngine;
			sourceTree = "<group>";
		};
		FF31C0E528F7204A00967CB1 /* Frameworks */ = {
			isa = PBXGroup;
			children = (
				FF31C0EF28F7217B00967CB1 /* libglfw.3.3.dylib */,
				FF31C0EC28F7215600967CB1 /* libvulkan.1.3.216.dylib */,
			);
			name = Frameworks;
			sourceTree = "<group>";
		};
		FF31C0F228F7260300967CB1 /* Resources */ = {
			isa = PBXGroup;
			children = (
			);
			path = Resources;
			sourceTree = "<group>";
		};
/* End PBXGroup section */

/* Begin PBXNativeTarget section */
		FF31C0D728F71F5F00967CB1 /* MangosEngine */ = {
			isa = PBXNativeTarget;
			buildConfigurationList = FF31C0DF28F71F5F00967CB1 /* Build configuration list for PBXNativeTarget "MangosEngine" */;
			buildPhases = (
				FF31C0D628F71F5F00967CB1 /* CopyFiles */,
				FF31C0D428F71F5F00967CB1 /* Sources */,
				FF31C0D528F71F5F00967CB1 /* Frameworks */,
			);
			buildRules = (
			);
			dependencies = (
			);
			name = MangosEngine;
			productName = MangosEngine;
			productReference = FF31C0D828F71F5F00967CB1 /* MangosEngine */;
			productType = "com.apple.product-type.tool";
		};
/* End PBXNativeTarget section */

/* Begin PBXProject section */
		FF31C0D028F71F5F00967CB1 /* Project object */ = {
			isa = PBXProject;
			attributes = {
				BuildIndependentTargetsInParallel = 1;
				LastUpgradeCheck = 1400;
				TargetAttributes = {
					FF31C0D728F71F5F00967CB1 = {
						CreatedOnToolsVersion = 14.0.1;
					};
				};
			};
			buildConfigurationList = FF31C0D328F71F5F00967CB1 /* Build configuration list for PBXProject "MangosEngine" */;
			compatibilityVersion = "Xcode 14.0";
			developmentRegion = en;
			hasScannedForEncodings = 0;
			knownRegions = (
				en,
				Base,
			);
			mainGroup = FF31C0CF28F71F5F00967CB1;
			productRefGroup = FF31C0D928F71F5F00967CB1 /* Products */;
			projectDirPath = "";
			projectRoot = "";
			targets = (
				FF31C0D728F71F5F00967CB1 /* MangosEngine */,
			);
		};
/* End PBXProject section */

/* Begin PBXSourcesBuildPhase section */
		FF31C0D428F71F5F00967CB1 /* Sources */ = {
			isa = PBXSourcesBuildPhase;
			buildActionMask = 2147483647;
			files = (
				FF31C0DC28F71F5F00967CB1 /* main.cpp in Sources */,
				FF29E76A290AF7B500230659 /* App.cpp in Sources */,
				FF29E766290AD6D500230659 /* shader.frag in Sources */,
			);
			runOnlyForDeploymentPostprocessing = 0;
		};
/* End PBXSourcesBuildPhase section */

/* Begin XCBuildConfiguration section */
		FF31C0DD28F71F5F00967CB1 /* Debug */ = {
			isa = XCBuildConfiguration;
			buildSettings = {
				ALWAYS_SEARCH_USER_PATHS = NO;
				CLANG_ANALYZER_NONNULL = YES;
				CLANG_ANALYZER_NUMBER_OBJECT_CONVERSION = YES_AGGRESSIVE;
				CLANG_CXX_LANGUAGE_STANDARD = "gnu++20";
				CLANG_ENABLE_MODULES = YES;
				CLANG_ENABLE_OBJC_ARC = YES;
				CLANG_ENABLE_OBJC_WEAK = YES;
				CLANG_WARN_BLOCK_CAPTURE_AUTORELEASING = YES;
				CLANG_WARN_BOOL_CONVERSION = YES;
				CLANG_WARN_COMMA = YES;
				CLANG_WARN_CONSTANT_CONVERSION = YES;
				CLANG_WARN_DEPRECATED_OBJC_IMPLEMENTATIONS = YES;
				CLANG_WARN_DIRECT_OBJC_ISA_USAGE = YES_ERROR;
				CLANG_WARN_DOCUMENTATION_COMMENTS = YES;
				CLANG_WARN_EMPTY_BODY = YES;
				CLANG_WARN_ENUM_CONVERSION = YES;
				CLANG_WARN_INFINITE_RECURSION = YES;
				CLANG_WARN_INT_CONVERSION = YES;
				CLANG_WARN_NON_LITERAL_NULL_CONVERSION = YES;
				CLANG_WARN_OBJC_IMPLICIT_RETAIN_SELF = YES;
				CLANG_WARN_OBJC_LITERAL_CONVERSION = YES;
				CLANG_WARN_OBJC_ROOT_CLASS = YES_ERROR;
				CLANG_WARN_QUOTED_INCLUDE_IN_FRAMEWORK_HEADER = YES;
				CLANG_WARN_RANGE_LOOP_ANALYSIS = YES;
				CLANG_WARN_STRICT_PROTOTYPES = YES;
				CLANG_WARN_SUSPICIOUS_MOVE = YES;
				CLANG_WARN_UNGUARDED_AVAILABILITY = YES_AGGRESSIVE;
				CLANG_WARN_UNREACHABLE_CODE = YES;
				CLANG_WARN__DUPLICATE_METHOD_MATCH = YES;
				COPY_PHASE_STRIP = NO;
				DEBUG_INFORMATION_FORMAT = dwarf;
				ENABLE_STRICT_OBJC_MSGSEND = YES;
				ENABLE_TESTABILITY = YES;
				GCC_C_LANGUAGE_STANDARD = gnu11;
				GCC_DYNAMIC_NO_PIC = NO;
				GCC_NO_COMMON_BLOCKS = YES;
				GCC_OPTIMIZATION_LEVEL = 0;
				GCC_PREPROCESSOR_DEFINITIONS = (
					"DEBUG=1",
					"$(inherited)",
				);
				GCC_WARN_64_TO_32_BIT_CONVERSION = YES;
				GCC_WARN_ABOUT_RETURN_TYPE = YES_ERROR;
				GCC_WARN_UNDECLARED_SELECTOR = YES;
				GCC_WARN_UNINITIALIZED_AUTOS = YES_AGGRESSIVE;
				GCC_WARN_UNUSED_FUNCTION = YES;
				GCC_WARN_UNUSED_VARIABLE = YES;
				MACOSX_DEPLOYMENT_TARGET = 12.3;
				MTL_ENABLE_DEBUG_INFO = INCLUDE_SOURCE;
				MTL_FAST_MATH = YES;
				ONLY_ACTIVE_ARCH = YES;
				SDKROOT = macosx;
			};
			name = Debug;
		};
		FF31C0DE28F71F5F00967CB1 /* Release */ = {
			isa = XCBuildConfiguration;
			buildSettings = {
				ALWAYS_SEARCH_USER_PATHS = NO;
				CLANG_ANALYZER_NONNULL = YES;
				CLANG_ANALYZER_NUMBER_OBJECT_CONVERSION = YES_AGGRESSIVE;
				CLANG_CXX_LANGUAGE_STANDARD = "gnu++20";
				CLANG_ENABLE_MODULES = YES;
				CLANG_ENABLE_OBJC_ARC = YES;
				CLANG_ENABLE_OBJC_WEAK = YES;
				CLANG_WARN_BLOCK_CAPTURE_AUTORELEASING = YES;
				CLANG_WARN_BOOL_CONVERSION = YES;
				CLANG_WARN_COMMA = YES;
				CLANG_WARN_CONSTANT_CONVERSION = YES;
				CLANG_WARN_DEPRECATED_OBJC_IMPLEMENTATIONS = YES;
				CLANG_WARN_DIRECT_OBJC_ISA_USAGE = YES_ERROR;
				CLANG_WARN_DOCUMENTATION_COMMENTS = YES;
				CLANG_WARN_EMPTY_BODY = YES;
				CLANG_WARN_ENUM_CONVERSION = YES;
				CLANG_WARN_INFINITE_RECURSION = YES;
				CLANG_WARN_INT_CONVERSION = YES;
				CLANG_WARN_NON_LITERAL_NULL_CONVERSION = YES;
				CLANG_WARN_OBJC_IMPLICIT_RETAIN_SELF = YES;
				CLANG_WARN_OBJC_LITERAL_CONVERSION = YES;
				CLANG_WARN_OBJC_ROOT_CLASS = YES_ERROR;
				CLANG_WARN_QUOTED_INCLUDE_IN_FRAMEWORK_HEADER = YES;
				CLANG_WARN_RANGE_LOOP_ANALYSIS = YES;
				CLANG_WARN_STRICT_PROTOTYPES = YES;
				CLANG_WARN_SUSPICIOUS_MOVE = YES;
				CLANG_WARN_UNGUARDED_AVAILABILITY = YES_AGGRESSIVE;
				CLANG_WARN_UNREACHABLE_CODE = YES;
				CLANG_WARN__DUPLICATE_METHOD_MATCH = YES;
				COPY_PHASE_STRIP = NO;
				DEBUG_INFORMATION_FORMAT = "dwarf-with-dsym";
				ENABLE_NS_ASSERTIONS = NO;
				ENABLE_STRICT_OBJC_MSGSEND = YES;
				GCC_C_LANGUAGE_STANDARD = gnu11;
				GCC_NO_COMMON_BLOCKS = YES;
				GCC_WARN_64_TO_32_BIT_CONVERSION = YES;
				GCC_WARN_ABOUT_RETURN_TYPE = YES_ERROR;
				GCC_WARN_UNDECLARED_SELECTOR = YES;
				GCC_WARN_UNINITIALIZED_AUTOS = YES_AGGRESSIVE;
				GCC_WARN_UNUSED_FUNCTION = YES;
				GCC_WARN_UNUSED_VARIABLE = YES;
				MACOSX_DEPLOYMENT_TARGET = 12.3;
				MTL_ENABLE_DEBUG_INFO = NO;
				MTL_FAST_MATH = YES;
				SDKROOT = macosx;
			};
			name = Release;
		};
		FF31C0E028F71F5F00967CB1 /* Debug */ = {
			isa = XCBuildConfiguration;
			buildSettings = {
				CLANG_CXX_LANGUAGE_STANDARD = "gnu++20";
				CLANG_WARN_DOCUMENTATION_COMMENTS = NO;
				CODE_SIGN_ENTITLEMENTS = MangosEngine/MangosEngine.entitlements;
				CODE_SIGN_STYLE = Automatic;
				DEVELOPMENT_TEAM = H3Y29BCYSK;
				ENABLE_HARDENED_RUNTIME = YES;
				GCC_C_LANGUAGE_STANDARD = "compiler-default";
				HEADER_SEARCH_PATHS = (
					/opt/homebrew/include,
					/Applications/VulkanSDK/macOS/include,
				);
				LIBRARY_SEARCH_PATHS = (
					/opt/homebrew/lib,
					/Applications/VulkanSDK/macOS/lib,
					/opt/homebrew/Cellar/glfw/3.3.8/lib,
				);
				PRODUCT_NAME = "$(TARGET_NAME)";
			};
			name = Debug;
		};
		FF31C0E128F71F5F00967CB1 /* Release */ = {
			isa = XCBuildConfiguration;
			buildSettings = {
				CLANG_CXX_LANGUAGE_STANDARD = "gnu++20";
				CLANG_WARN_DOCUMENTATION_COMMENTS = NO;
				CODE_SIGN_ENTITLEMENTS = MangosEngine/MangosEngine.entitlements;
				CODE_SIGN_STYLE = Automatic;
				DEVELOPMENT_TEAM = H3Y29BCYSK;
				ENABLE_HARDENED_RUNTIME = YES;
				GCC_C_LANGUAGE_STANDARD = "compiler-default";
				HEADER_SEARCH_PATHS = (
					/opt/homebrew/include,
					/Applications/VulkanSDK/macOS/include,
				);
				LIBRARY_SEARCH_PATHS = (
					/opt/homebrew/lib,
					/Applications/VulkanSDK/macOS/lib,
					/opt/homebrew/Cellar/glfw/3.3.8/lib,
				);
				PRODUCT_NAME = "$(TARGET_NAME)";
			};
			name = Release;
		};
/* End XCBuildConfiguration section */

/* Begin XCConfigurationList section */
		FF31C0D328F71F5F00967CB1 /* Build configuration list for PBXProject "MangosEngine" */ = {
			isa = XCConfigurationList;
			buildConfigurations = (
				FF31C0DD28F71F5F00967CB1 /* Debug */,
				FF31C0DE28F71F5F00967CB1 /* Release */,
			);
			defaultConfigurationIsVisible = 0;
			defaultConfigurationName = Release;
		};
		FF31C0DF28F71F5F00967CB1 /* Build configuration list for PBXNativeTarget "MangosEngine" */ = {
			isa = XCConfigurationList;
			buildConfigurations = (
				FF31C0E028F71F5F00967CB1 /* Debug */,
				FF31C0E128F71F5F00967CB1 /* Release */,
			);
			defaultConfigurationIsVisible = 0;
			defaultConfigurationName = Release;
		};
/* End XCConfigurationList section */
	};
	rootObject = FF31C0D028F71F5F00967CB1 /* Project object */;
}
